
Microsoft Visual Studio Solution File, Format Version 12.00
# Visual Studio 15
VisualStudioVersion = 15.0.28010.2046
MinimumVisualStudioVersion = 10.0.40219.1
Project("{FAE04EC0-301F-11D3-BF4B-00C04F79EFBC}") = "StackExercise", "StackExercise\StackExercise.csproj", "{3867F1AC-2F63-484E-A136-C643C65B0C8D}"
EndProject
Global
	GlobalSection(SolutionConfigurationPlatforms) = preSolution
		Debug|Any CPU = Debug|Any CPU
		Release|Any CPU = Release|Any CPU
	EndGlobalSection
	GlobalSection(ProjectConfigurationPlatforms) = postSolution
		{3867F1AC-2F63-484E-A136-C643C65B0C8D}.Debug|Any CPU.ActiveCfg = Debug|Any CPU
		{3867F1AC-2F63-484E-A136-C643C65B0C8D}.Debug|Any CPU.Build.0 = Debug|Any CPU
		{3867F1AC-2F63-484E-A136-C643C65B0C8D}.Release|Any CPU.ActiveCfg = Release|Any CPU
		{3867F1AC-2F63-484E-A136-C643C65B0C8D}.Release|Any CPU.Build.0 = Release|Any CPU
	EndGlobalSection
	GlobalSection(SolutionProperties) = preSolution
		HideSolutionNode = FALSE
	EndGlobalSection
	GlobalSection(ExtensibilityGlobals) = postSolution
		SolutionGuid = {16919223-0425-4AFD-AE8C-EBBD1484C5C4}
	EndGlobalSection
EndGlobal
